
Microsoft Visual Studio Solution File, Format Version 12.00
# Visual Studio Version 17
VisualStudioVersion = 17.1.32210.238
MinimumVisualStudioVersion = 10.0.40219.1
Project("{FAE04EC0-301F-11D3-BF4B-00C04F79EFBC}") = "stackkodu", "stackkodu\stackkodu.csproj", "{85A95A67-CD23-4797-B932-B22CF09BBC2B}"
EndProject
Global
	GlobalSection(SolutionConfigurationPlatforms) = preSolution
		Debug|Any CPU = Debug|Any CPU
		Release|Any CPU = Release|Any CPU
	EndGlobalSection
	GlobalSection(ProjectConfigurationPlatforms) = postSolution
		{85A95A67-CD23-4797-B932-B22CF09BBC2B}.Debug|Any CPU.ActiveCfg = Debug|Any CPU
		{85A95A67-CD23-4797-B932-B22CF09BBC2B}.Debug|Any CPU.Build.0 = Debug|Any CPU
		{85A95A67-CD23-4797-B932-B22CF09BBC2B}.Release|Any CPU.ActiveCfg = Release|Any CPU
		{85A95A67-CD23-4797-B932-B22CF09BBC2B}.Release|Any CPU.Build.0 = Release|Any CPU
	EndGlobalSection
	GlobalSection(SolutionProperties) = preSolution
		HideSolutionNode = FALSE
	EndGlobalSection
	GlobalSection(ExtensibilityGlobals) = postSolution
		SolutionGuid = {4120E4EB-4220-4E13-B765-2C433548A733}
	EndGlobalSection
EndGlobal
